
Microsoft Visual Studio Solution File, Format Version 12.00
# Visual Studio Version 16
VisualStudioVersion = 16.0.31112.23
MinimumVisualStudioVersion = 10.0.40219.1
Project("{8BC9CEB8-8B4A-11D0-8D11-00A0C91BC942}") = "Ejercicio3", "Ejercicio3\Ejercicio3.vcxproj", "{7FEE001A-7CE1-4469-8A8F-9782C72CFFCF}"
EndProject
Global
	GlobalSection(SolutionConfigurationPlatforms) = preSolution
		Debug|x64 = Debug|x64
		Debug|x86 = Debug|x86
		Release|x64 = Release|x64
		Release|x86 = Release|x86
	EndGlobalSection
	GlobalSection(ProjectConfigurationPlatforms) = postSolution
		{7FEE001A-7CE1-4469-8A8F-9782C72CFFCF}.Debug|x64.ActiveCfg = Debug|x64
		{7FEE001A-7CE1-4469-8A8F-9782C72CFFCF}.Debug|x64.Build.0 = Debug|x64
		{7FEE001A-7CE1-4469-8A8F-9782C72CFFCF}.Debug|x86.ActiveCfg = Debug|Win32
		{7FEE001A-7CE1-4469-8A8F-9782C72CFFCF}.Debug|x86.Build.0 = Debug|Win32
		{7FEE001A-7CE1-4469-8A8F-9782C72CFFCF}.Release|x64.ActiveCfg = Release|x64
		{7FEE001A-7CE1-4469-8A8F-9782C72CFFCF}.Release|x64.Build.0 = Release|x64
		{7FEE001A-7CE1-4469-8A8F-9782C72CFFCF}.Release|x86.ActiveCfg = Release|Win32
		{7FEE001A-7CE1-4469-8A8F-9782C72CFFCF}.Release|x86.Build.0 = Release|Win32
	EndGlobalSection
	GlobalSection(SolutionProperties) = preSolution
		HideSolutionNode = FALSE
	EndGlobalSection
	GlobalSection(ExtensibilityGlobals) = postSolution
		SolutionGuid = {4026A412-5FDC-4CA1-8932-981C0CB13767}
	EndGlobalSection
EndGlobal
